// !$*UTF8*$!
{
	archiveVersion = 1;
	classes = {
	};
	objectVersion = 50;
	objects = {

/* Begin PBXBuildFile section */
		861C98F2214CFAA60026D863 /* AppDelegate.swift in Sources */ = {isa = PBXBuildFile; fileRef = 861C98F1214CFAA60026D863 /* AppDelegate.swift */; };
		861C98F4214CFAA60026D863 /* ViewController.swift in Sources */ = {isa = PBXBuildFile; fileRef = 861C98F3214CFAA60026D863 /* ViewController.swift */; };
		861C98F7214CFAA60026D863 /* Main.storyboard in Resources */ = {isa = PBXBuildFile; fileRef = 861C98F5214CFAA60026D863 /* Main.storyboard */; };
		861C98F9214CFAA70026D863 /* Assets.xcassets in Resources */ = {isa = PBXBuildFile; fileRef = 861C98F8214CFAA70026D863 /* Assets.xcassets */; };
		861C98FC214CFAA70026D863 /* LaunchScreen.storyboard in Resources */ = {isa = PBXBuildFile; fileRef = 861C98FA214CFAA70026D863 /* LaunchScreen.storyboard */; };
		861C9904214CFB470026D863 /* TableViewCell.swift in Sources */ = {isa = PBXBuildFile; fileRef = 861C9903214CFB470026D863 /* TableViewCell.swift */; };
/* End PBXBuildFile section */

/* Begin PBXFileReference section */
		861C98EE214CFAA60026D863 /* JSONparsing.app */ = {isa = PBXFileReference; explicitFileType = wrapper.application; includeInIndex = 0; path = JSONparsing.app; sourceTree = BUILT_PRODUCTS_DIR; };
		861C98F1214CFAA60026D863 /* AppDelegate.swift */ = {isa = PBXFileReference; lastKnownFileType = sourcecode.swift; path = AppDelegate.swift; sourceTree = "<group>"; };
		861C98F3214CFAA60026D863 /* ViewController.swift */ = {isa = PBXFileReference; lastKnownFileType = sourcecode.swift; path = ViewController.swift; sourceTree = "<group>"; };
		861C98F6214CFAA60026D863 /* Base */ = {isa = PBXFileReference; lastKnownFileType = file.storyboard; name = Base; path = Base.lproj/Main.storyboard; sourceTree = "<group>"; };
		861C98F8214CFAA70026D863 /* Assets.xcassets */ = {isa = PBXFileReference; lastKnownFileType = folder.assetcatalog; path = Assets.xcassets; sourceTree = "<group>"; };
		861C98FB214CFAA70026D863 /* Base */ = {isa = PBXFileReference; lastKnownFileType = file.storyboard; name = Base; path = Base.lproj/LaunchScreen.storyboard; sourceTree = "<group>"; };
		861C98FD214CFAA70026D863 /* Info.plist */ = {isa = PBXFileReference; lastKnownFileType = text.plist.xml; path = Info.plist; sourceTree = "<group>"; };
		861C9903214CFB470026D863 /* TableViewCell.swift */ = {isa = PBXFileReference; fileEncoding = 4; lastKnownFileType = sourcecode.swift; path = TableViewCell.swift; sourceTree = "<group>"; };
/* End PBXFileReference section */

/* Begin PBXFrameworksBuildPhase section */
		861C98EB214CFAA60026D863 /* Frameworks */ = {
			isa = PBXFrameworksBuildPhase;
			buildActionMask = 2147483647;
			files = (
			);
			runOnlyForDeploymentPostprocessing = 0;
		};
/* End PBXFrameworksBuildPhase section */

/* Begin PBXGroup section */
		861C98E5214CFAA60026D863 = {
			isa = PBXGroup;
			children = (
				861C98F0214CFAA60026D863 /* JSONparsing */,
				861C98EF214CFAA60026D863 /* Products */,
			);
			sourceTree = "<group>";
		};
		861C98EF214CFAA60026D863 /* Products */ = {
			isa = PBXGroup;
			children = (
				861C98EE214CFAA60026D863 /* JSONparsing.app */,
			);
			name = Products;
			sourceTree = "<group>";
		};
		861C98F0214CFAA60026D863 /* JSONparsing */ = {
			isa = PBXGroup;
			children = (
				861C98F8214CFAA70026D863 /* Assets.xcassets */,
				861C9908214D11420026D863 /* MVC */,
				861C9907214D11260026D863 /* AppDelegate */,
				861C98FD214CFAA70026D863 /* Info.plist */,
			);
			path = JSONparsing;
			sourceTree = "<group>";
		};
		861C9907214D11260026D863 /* AppDelegate */ = {
			isa = PBXGroup;
			children = (
				861C98F1214CFAA60026D863 /* AppDelegate.swift */,
			);
			path = AppDelegate;
			sourceTree = "<group>";
		};
		861C9908214D11420026D863 /* MVC */ = {
			isa = PBXGroup;
			children = (
				861C990B214D11690026D863 /* Model */,
				861C990A214D115E0026D863 /* Controllers */,
				861C9909214D114C0026D863 /* View */,
			);
			path = MVC;
			sourceTree = "<group>";
		};
		861C9909214D114C0026D863 /* View */ = {
			isa = PBXGroup;
			children = (
				861C9903214CFB470026D863 /* TableViewCell.swift */,
				861C98F5214CFAA60026D863 /* Main.storyboard */,
				861C98FA214CFAA70026D863 /* LaunchScreen.storyboard */,
			);
			path = View;
			sourceTree = "<group>";
		};
		861C990A214D115E0026D863 /* Controllers */ = {
			isa = PBXGroup;
			children = (
				861C98F3214CFAA60026D863 /* ViewController.swift */,
			);
			path = Controllers;
			sourceTree = "<group>";
		};
		861C990B214D11690026D863 /* Model */ = {
			isa = PBXGroup;
			children = (
			);
			path = Model;
			sourceTree = "<group>";
		};
/* End PBXGroup section */

/* Begin PBXNativeTarget section */
		861C98ED214CFAA60026D863 /* JSONparsing */ = {
			isa = PBXNativeTarget;
			buildConfigurationList = 861C9900214CFAA70026D863 /* Build configuration list for PBXNativeTarget "JSONparsing" */;
			buildPhases = (
				861C98EA214CFAA60026D863 /* Sources */,
				861C98EB214CFAA60026D863 /* Frameworks */,
				861C98EC214CFAA60026D863 /* Resources */,
			);
			buildRules = (
			);
			dependencies = (
			);
			name = JSONparsing;
			productName = JSONparsing;
			productReference = 861C98EE214CFAA60026D863 /* JSONparsing.app */;
			productType = "com.apple.product-type.application";
		};
/* End PBXNativeTarget section */

/* Begin PBXProject section */
		861C98E6214CFAA60026D863 /* Project object */ = {
			isa = PBXProject;
			attributes = {
				LastSwiftUpdateCheck = 0940;
				LastUpgradeCheck = 0940;
				ORGANIZATIONNAME = "Bhushan Udawant";
				TargetAttributes = {
					861C98ED214CFAA60026D863 = {
						CreatedOnToolsVersion = 9.4.1;
					};
				};
			};
			buildConfigurationList = 861C98E9214CFAA60026D863 /* Build configuration list for PBXProject "JSONparsing" */;
			compatibilityVersion = "Xcode 9.3";
			developmentRegion = en;
			hasScannedForEncodings = 0;
			knownRegions = (
				en,
				Base,
			);
			mainGroup = 861C98E5214CFAA60026D863;
			productRefGroup = 861C98EF214CFAA60026D863 /* Products */;
			projectDirPath = "";
			projectRoot = "";
			targets = (
				861C98ED214CFAA60026D863 /* JSONparsing */,
			);
		};
/* End PBXProject section */

/* Begin PBXResourcesBuildPhase section */
		861C98EC214CFAA60026D863 /* Resources */ = {
			isa = PBXResourcesBuildPhase;
			buildActionMask = 2147483647;
			files = (
				861C98FC214CFAA70026D863 /* LaunchScreen.storyboard in Resources */,
				861C98F9214CFAA70026D863 /* Assets.xcassets in Resources */,
				861C98F7214CFAA60026D863 /* Main.storyboard in Resources */,
			);
			runOnlyForDeploymentPostprocessing = 0;
		};
/* End PBXResourcesBuildPhase section */

/* Begin PBXSourcesBuildPhase section */
		861C98EA214CFAA60026D863 /* Sources */ = {
			isa = PBXSourcesBuildPhase;
			buildActionMask = 2147483647;
			files = (
				861C9904214CFB470026D863 /* TableViewCell.swift in Sources */,
				861C98F4214CFAA60026D863 /* ViewController.swift in Sources */,
				861C98F2214CFAA60026D863 /* AppDelegate.swift in Sources */,
			);
			runOnlyForDeploymentPostprocessing = 0;
		};
/* End PBXSourcesBuildPhase section */

/* Begin PBXVariantGroup section */
		861C98F5214CFAA60026D863 /* Main.storyboard */ = {
			isa = PBXVariantGroup;
			children = (
				861C98F6214CFAA60026D863 /* Base */,
			);
			name = Main.storyboard;
			sourceTree = "<group>";
		};
		861C98FA214CFAA70026D863 /* LaunchScreen.storyboard */ = {
			isa = PBXVariantGroup;
			children = (
				861C98FB214CFAA70026D863 /* Base */,
			);
			name = LaunchScreen.storyboard;
			sourceTree = "<group>";
		};
/* End PBXVariantGroup section */

/* Begin XCBuildConfiguration section */
		861C98FE214CFAA70026D863 /* Debug */ = {
			isa = XCBuildConfiguration;
			buildSettings = {
				ALWAYS_SEARCH_USER_PATHS = NO;
				CLANG_ANALYZER_NONNULL = YES;
				CLANG_ANALYZER_NUMBER_OBJECT_CONVERSION = YES_AGGRESSIVE;
				CLANG_CXX_LANGUAGE_STANDARD = "gnu++14";
				CLANG_CXX_LIBRARY = "libc++";
				CLANG_ENABLE_MODULES = YES;
				CLANG_ENABLE_OBJC_ARC = YES;
				CLANG_ENABLE_OBJC_WEAK = YES;
				CLANG_WARN_BLOCK_CAPTURE_AUTORELEASING = YES;
				CLANG_WARN_BOOL_CONVERSION = YES;
				CLANG_WARN_COMMA = YES;
				CLANG_WARN_CONSTANT_CONVERSION = YES;
				CLANG_WARN_DEPRECATED_OBJC_IMPLEMENTATIONS = YES;
				CLANG_WARN_DIRECT_OBJC_ISA_USAGE = YES_ERROR;
				CLANG_WARN_DOCUMENTATION_COMMENTS = YES;
				CLANG_WARN_EMPTY_BODY = YES;
				CLANG_WARN_ENUM_CONVERSION = YES;
				CLANG_WARN_INFINITE_RECURSION = YES;
				CLANG_WARN_INT_CONVERSION = YES;
				CLANG_WARN_NON_LITERAL_NULL_CONVERSION = YES;
				CLANG_WARN_OBJC_IMPLICIT_RETAIN_SELF = YES;
				CLANG_WARN_OBJC_LITERAL_CONVERSION = YES;
				CLANG_WARN_OBJC_ROOT_CLASS = YES_ERROR;
				CLANG_WARN_RANGE_LOOP_ANALYSIS = YES;
				CLANG_WARN_STRICT_PROTOTYPES = YES;
				CLANG_WARN_SUSPICIOUS_MOVE = YES;
				CLANG_WARN_UNGUARDED_AVAILABILITY = YES_AGGRESSIVE;
				CLANG_WARN_UNREACHABLE_CODE = YES;
				CLANG_WARN__DUPLICATE_METHOD_MATCH = YES;
				CODE_SIGN_IDENTITY = "iPhone Developer";
				COPY_PHASE_STRIP = NO;
				DEBUG_INFORMATION_FORMAT = dwarf;
				ENABLE_STRICT_OBJC_MSGSEND = YES;
				ENABLE_TESTABILITY = YES;
				GCC_C_LANGUAGE_STANDARD = gnu11;
				GCC_DYNAMIC_NO_PIC = NO;
				GCC_NO_COMMON_BLOCKS = YES;
				GCC_OPTIMIZATION_LEVEL = 0;
				GCC_PREPROCESSOR_DEFINITIONS = (
					"DEBUG=1",
					"$(inherited)",
				);
				GCC_WARN_64_TO_32_BIT_CONVERSION = YES;
				GCC_WARN_ABOUT_RETURN_TYPE = YES_ERROR;
				GCC_WARN_UNDECLARED_SELECTOR = YES;
				GCC_WARN_UNINITIALIZED_AUTOS = YES_AGGRESSIVE;
				GCC_WARN_UNUSED_FUNCTION = YES;
				GCC_WARN_UNUSED_VARIABLE = YES;
				IPHONEOS_DEPLOYMENT_TARGET = 11.4;
				MTL_ENABLE_DEBUG_INFO = YES;
				ONLY_ACTIVE_ARCH = YES;
				SDKROOT = iphoneos;
				SWIFT_ACTIVE_COMPILATION_CONDITIONS = DEBUG;
				SWIFT_OPTIMIZATION_LEVEL = "-Onone";
			};
			name = Debug;
		};
		861C98FF214CFAA70026D863 /* Release */ = {
			isa = XCBuildConfiguration;
			buildSettings = {
				ALWAYS_SEARCH_USER_PATHS = NO;
				CLANG_ANALYZER_NONNULL = YES;
				CLANG_ANALYZER_NUMBER_OBJECT_CONVERSION = YES_AGGRESSIVE;
				CLANG_CXX_LANGUAGE_STANDARD = "gnu++14";
				CLANG_CXX_LIBRARY = "libc++";
				CLANG_ENABLE_MODULES = YES;
				CLANG_ENABLE_OBJC_ARC = YES;
				CLANG_ENABLE_OBJC_WEAK = YES;
				CLANG_WARN_BLOCK_CAPTURE_AUTORELEASING = YES;
				CLANG_WARN_BOOL_CONVERSION = YES;
				CLANG_WARN_COMMA = YES;
				CLANG_WARN_CONSTANT_CONVERSION = YES;
				CLANG_WARN_DEPRECATED_OBJC_IMPLEMENTATIONS = YES;
				CLANG_WARN_DIRECT_OBJC_ISA_USAGE = YES_ERROR;
				CLANG_WARN_DOCUMENTATION_COMMENTS = YES;
				CLANG_WARN_EMPTY_BODY = YES;
				CLANG_WARN_ENUM_CONVERSION = YES;
				CLANG_WARN_INFINITE_RECURSION = YES;
				CLANG_WARN_INT_CONVERSION = YES;
				CLANG_WARN_NON_LITERAL_NULL_CONVERSION = YES;
				CLANG_WARN_OBJC_IMPLICIT_RETAIN_SELF = YES;
				CLANG_WARN_OBJC_LITERAL_CONVERSION = YES;
				CLANG_WARN_OBJC_ROOT_CLASS = YES_ERROR;
				CLANG_WARN_RANGE_LOOP_ANALYSIS = YES;
				CLANG_WARN_STRICT_PROTOTYPES = YES;
				CLANG_WARN_SUSPICIOUS_MOVE = YES;
				CLANG_WARN_UNGUARDED_AVAILABILITY = YES_AGGRESSIVE;
				CLANG_WARN_UNREACHABLE_CODE = YES;
				CLANG_WARN__DUPLICATE_METHOD_MATCH = YES;
				CODE_SIGN_IDENTITY = "iPhone Developer";
				COPY_PHASE_STRIP = NO;
				DEBUG_INFORMATION_FORMAT = "dwarf-with-dsym";
				ENABLE_NS_ASSERTIONS = NO;
				ENABLE_STRICT_OBJC_MSGSEND = YES;
				GCC_C_LANGUAGE_STANDARD = gnu11;
				GCC_NO_COMMON_BLOCKS = YES;
				GCC_WARN_64_TO_32_BIT_CONVERSION = YES;
				GCC_WARN_ABOUT_RETURN_TYPE = YES_ERROR;
				GCC_WARN_UNDECLARED_SELECTOR = YES;
				GCC_WARN_UNINITIALIZED_AUTOS = YES_AGGRESSIVE;
				GCC_WARN_UNUSED_FUNCTION = YES;
				GCC_WARN_UNUSED_VARIABLE = YES;
				IPHONEOS_DEPLOYMENT_TARGET = 11.4;
				MTL_ENABLE_DEBUG_INFO = NO;
				SDKROOT = iphoneos;
				SWIFT_COMPILATION_MODE = wholemodule;
				SWIFT_OPTIMIZATION_LEVEL = "-O";
				VALIDATE_PRODUCT = YES;
			};
			name = Release;
		};
		861C9901214CFAA70026D863 /* Debug */ = {
			isa = XCBuildConfiguration;
			buildSettings = {
				ASSETCATALOG_COMPILER_APPICON_NAME = AppIcon;
				CODE_SIGN_STYLE = Automatic;
				INFOPLIST_FILE = JSONparsing/Info.plist;
				LD_RUNPATH_SEARCH_PATHS = (
					"$(inherited)",
					"@executable_path/Frameworks",
				);
				PRODUCT_BUNDLE_IDENTIFIER = com.example.JSONparsing;
				PRODUCT_NAME = "$(TARGET_NAME)";
				SWIFT_VERSION = 4.0;
				TARGETED_DEVICE_FAMILY = "1,2";
			};
			name = Debug;
		};
		861C9902214CFAA70026D863 /* Release */ = {
			isa = XCBuildConfiguration;
			buildSettings = {
				ASSETCATALOG_COMPILER_APPICON_NAME = AppIcon;
				CODE_SIGN_STYLE = Automatic;
				INFOPLIST_FILE = JSONparsing/Info.plist;
				LD_RUNPATH_SEARCH_PATHS = (
					"$(inherited)",
					"@executable_path/Frameworks",
				);
				PRODUCT_BUNDLE_IDENTIFIER = com.example.JSONparsing;
				PRODUCT_NAME = "$(TARGET_NAME)";
				SWIFT_VERSION = 4.0;
				TARGETED_DEVICE_FAMILY = "1,2";
			};
			name = Release;
		};
/* End XCBuildConfiguration section */

/* Begin XCConfigurationList section */
		861C98E9214CFAA60026D863 /* Build configuration list for PBXProject "JSONparsing" */ = {
			isa = XCConfigurationList;
			buildConfigurations = (
				861C98FE214CFAA70026D863 /* Debug */,
				861C98FF214CFAA70026D863 /* Release */,
			);
			defaultConfigurationIsVisible = 0;
			defaultConfigurationName = Release;
		};
		861C9900214CFAA70026D863 /* Build configuration list for PBXNativeTarget "JSONparsing" */ = {
			isa = XCConfigurationList;
			buildConfigurations = (
				861C9901214CFAA70026D863 /* Debug */,
				861C9902214CFAA70026D863 /* Release */,
			);
			defaultConfigurationIsVisible = 0;
			defaultConfigurationName = Release;
		};
/* End XCConfigurationList section */
	};
	rootObject = 861C98E6214CFAA60026D863 /* Project object */;
}
